
Microsoft Visual Studio Solution File, Format Version 12.00
# Visual Studio Version 17
VisualStudioVersion = 17.0.31903.59
MinimumVisualStudioVersion = 10.0.40219.1
Project("{FAE04EC0-301F-11D3-BF4B-00C04F79EFBC}") = "ProcurementManager.Core", "ProcurementManager.Core\ProcurementManager.Core.csproj", "{57B2BBBD-E93F-45D2-BA2D-BBBB9429B1AD}"
EndProject
Project("{FAE04EC0-301F-11D3-BF4B-00C04F79EFBC}") = "ProcurementManager.DataAccess", "ProcurementManager.DataAccess\ProcurementManager.DataAccess.csproj", "{2BFA352D-5C85-45A5-A8FB-526AAF4ABC3A}"
EndProject
Project("{FAE04EC0-301F-11D3-BF4B-00C04F79EFBC}") = "ProcurementManager.UI", "ProcurementManager.UI\ProcurementManager.UI.csproj", "{6041A4B7-8800-4511-9592-3565665D30B1}"
EndProject
Global
	GlobalSection(SolutionConfigurationPlatforms) = preSolution
		Debug|Any CPU = Debug|Any CPU
		Release|Any CPU = Release|Any CPU
	EndGlobalSection
	GlobalSection(SolutionProperties) = preSolution
		HideSolutionNode = FALSE
	EndGlobalSection
	GlobalSection(ProjectConfigurationPlatforms) = postSolution
		{57B2BBBD-E93F-45D2-BA2D-BBBB9429B1AD}.Debug|Any CPU.ActiveCfg = Debug|Any CPU
		{57B2BBBD-E93F-45D2-BA2D-BBBB9429B1AD}.Debug|Any CPU.Build.0 = Debug|Any CPU
		{57B2BBBD-E93F-45D2-BA2D-BBBB9429B1AD}.Release|Any CPU.ActiveCfg = Release|Any CPU
		{57B2BBBD-E93F-45D2-BA2D-BBBB9429B1AD}.Release|Any CPU.Build.0 = Release|Any CPU
		{2BFA352D-5C85-45A5-A8FB-526AAF4ABC3A}.Debug|Any CPU.ActiveCfg = Debug|Any CPU
		{2BFA352D-5C85-45A5-A8FB-526AAF4ABC3A}.Debug|Any CPU.Build.0 = Debug|Any CPU
		{2BFA352D-5C85-45A5-A8FB-526AAF4ABC3A}.Release|Any CPU.ActiveCfg = Release|Any CPU
		{2BFA352D-5C85-45A5-A8FB-526AAF4ABC3A}.Release|Any CPU.Build.0 = Release|Any CPU
		{6041A4B7-8800-4511-9592-3565665D30B1}.Debug|Any CPU.ActiveCfg = Debug|Any CPU
		{6041A4B7-8800-4511-9592-3565665D30B1}.Debug|Any CPU.Build.0 = Debug|Any CPU
		{6041A4B7-8800-4511-9592-3565665D30B1}.Release|Any CPU.ActiveCfg = Release|Any CPU
		{6041A4B7-8800-4511-9592-3565665D30B1}.Release|Any CPU.Build.0 = Release|Any CPU
	EndGlobalSection
EndGlobal
